// !$*UTF8*$!
{
	archiveVersion = 1;
	classes = {
	};
	objectVersion = 50;
	objects = {

/* Begin PBXBuildFile section */
		558E6D1B20B5BEB700A5D391 /* AppDelegate.swift in Sources */ = {isa = PBXBuildFile; fileRef = 558E6D1A20B5BEB700A5D391 /* AppDelegate.swift */; };
		558E6D1D20B5BEB700A5D391 /* ViewController.swift in Sources */ = {isa = PBXBuildFile; fileRef = 558E6D1C20B5BEB700A5D391 /* ViewController.swift */; };
		558E6D2020B5BEB700A5D391 /* Main.storyboard in Resources */ = {isa = PBXBuildFile; fileRef = 558E6D1E20B5BEB700A5D391 /* Main.storyboard */; };
		558E6D2220B5BEB700A5D391 /* Assets.xcassets in Resources */ = {isa = PBXBuildFile; fileRef = 558E6D2120B5BEB700A5D391 /* Assets.xcassets */; };
		558E6D2520B5BEB700A5D391 /* LaunchScreen.storyboard in Resources */ = {isa = PBXBuildFile; fileRef = 558E6D2320B5BEB700A5D391 /* LaunchScreen.storyboard */; };
		55B2480820B5FB1600451FAD /* TableViewDragDrop.storyboard in Resources */ = {isa = PBXBuildFile; fileRef = 55B2480720B5FB1600451FAD /* TableViewDragDrop.storyboard */; };
		55B2480A20B5FB5F00451FAD /* TableViewDragDropController.swift in Sources */ = {isa = PBXBuildFile; fileRef = 55B2480920B5FB5F00451FAD /* TableViewDragDropController.swift */; };
		55B2480C20B6107E00451FAD /* Default-568h@2x.png in Resources */ = {isa = PBXBuildFile; fileRef = 55B2480B20B6107E00451FAD /* Default-568h@2x.png */; };
		55B2480F20B6166B00451FAD /* TableViewModel.swift in Sources */ = {isa = PBXBuildFile; fileRef = 55B2480E20B6166B00451FAD /* TableViewModel.swift */; };
		55D5A51820B6395D006CB898 /* CollectionViewDragDrop.storyboard in Resources */ = {isa = PBXBuildFile; fileRef = 55D5A51720B6395D006CB898 /* CollectionViewDragDrop.storyboard */; };
		55D5A51C20B7057F006CB898 /* CollectionViewModel.swift in Sources */ = {isa = PBXBuildFile; fileRef = 55D5A51B20B7057F006CB898 /* CollectionViewModel.swift */; };
		55D5A51E20B7177C006CB898 /* ImageCell.xib in Resources */ = {isa = PBXBuildFile; fileRef = 55D5A51D20B7177C006CB898 /* ImageCell.xib */; };
		55D5A52120B717D4006CB898 /* ImageCell.swift in Sources */ = {isa = PBXBuildFile; fileRef = 55D5A52020B717D4006CB898 /* ImageCell.swift */; };
		55D5A52320B71948006CB898 /* CollectionDragDropViewController.swift in Sources */ = {isa = PBXBuildFile; fileRef = 55D5A52220B71948006CB898 /* CollectionDragDropViewController.swift */; };
/* End PBXBuildFile section */

/* Begin PBXFileReference section */
		558E6D1720B5BEB700A5D391 /* DragAndDrop.app */ = {isa = PBXFileReference; explicitFileType = wrapper.application; includeInIndex = 0; path = DragAndDrop.app; sourceTree = BUILT_PRODUCTS_DIR; };
		558E6D1A20B5BEB700A5D391 /* AppDelegate.swift */ = {isa = PBXFileReference; lastKnownFileType = sourcecode.swift; path = AppDelegate.swift; sourceTree = "<group>"; };
		558E6D1C20B5BEB700A5D391 /* ViewController.swift */ = {isa = PBXFileReference; lastKnownFileType = sourcecode.swift; path = ViewController.swift; sourceTree = "<group>"; };
		558E6D1F20B5BEB700A5D391 /* Base */ = {isa = PBXFileReference; lastKnownFileType = file.storyboard; name = Base; path = Base.lproj/Main.storyboard; sourceTree = "<group>"; };
		558E6D2120B5BEB700A5D391 /* Assets.xcassets */ = {isa = PBXFileReference; lastKnownFileType = folder.assetcatalog; path = Assets.xcassets; sourceTree = "<group>"; };
		558E6D2420B5BEB700A5D391 /* Base */ = {isa = PBXFileReference; lastKnownFileType = file.storyboard; name = Base; path = Base.lproj/LaunchScreen.storyboard; sourceTree = "<group>"; };
		558E6D2620B5BEB700A5D391 /* Info.plist */ = {isa = PBXFileReference; lastKnownFileType = text.plist.xml; path = Info.plist; sourceTree = "<group>"; };
		55B2480720B5FB1600451FAD /* TableViewDragDrop.storyboard */ = {isa = PBXFileReference; lastKnownFileType = file.storyboard; path = TableViewDragDrop.storyboard; sourceTree = "<group>"; };
		55B2480920B5FB5F00451FAD /* TableViewDragDropController.swift */ = {isa = PBXFileReference; lastKnownFileType = sourcecode.swift; path = TableViewDragDropController.swift; sourceTree = "<group>"; };
		55B2480B20B6107E00451FAD /* Default-568h@2x.png */ = {isa = PBXFileReference; lastKnownFileType = image.png; path = "Default-568h@2x.png"; sourceTree = "<group>"; };
		55B2480E20B6166B00451FAD /* TableViewModel.swift */ = {isa = PBXFileReference; lastKnownFileType = sourcecode.swift; path = TableViewModel.swift; sourceTree = "<group>"; };
		55D5A51720B6395D006CB898 /* CollectionViewDragDrop.storyboard */ = {isa = PBXFileReference; lastKnownFileType = file.storyboard; path = CollectionViewDragDrop.storyboard; sourceTree = "<group>"; };
		55D5A51B20B7057F006CB898 /* CollectionViewModel.swift */ = {isa = PBXFileReference; lastKnownFileType = sourcecode.swift; path = CollectionViewModel.swift; sourceTree = "<group>"; };
		55D5A51D20B7177C006CB898 /* ImageCell.xib */ = {isa = PBXFileReference; lastKnownFileType = file.xib; path = ImageCell.xib; sourceTree = "<group>"; };
		55D5A52020B717D4006CB898 /* ImageCell.swift */ = {isa = PBXFileReference; lastKnownFileType = sourcecode.swift; path = ImageCell.swift; sourceTree = "<group>"; };
		55D5A52220B71948006CB898 /* CollectionDragDropViewController.swift */ = {isa = PBXFileReference; lastKnownFileType = sourcecode.swift; path = CollectionDragDropViewController.swift; sourceTree = "<group>"; };
/* End PBXFileReference section */

/* Begin PBXFrameworksBuildPhase section */
		558E6D1420B5BEB700A5D391 /* Frameworks */ = {
			isa = PBXFrameworksBuildPhase;
			buildActionMask = 2147483647;
			files = (
			);
			runOnlyForDeploymentPostprocessing = 0;
		};
/* End PBXFrameworksBuildPhase section */

/* Begin PBXGroup section */
		558E6D0E20B5BEB700A5D391 = {
			isa = PBXGroup;
			children = (
				558E6D1920B5BEB700A5D391 /* DragAndDrop */,
				55D5A51F20B717B6006CB898 /* Cells */,
				55B2480620B5FA7F00451FAD /* Supporting Files */,
				558E6D1820B5BEB700A5D391 /* Products */,
			);
			sourceTree = "<group>";
		};
		558E6D1820B5BEB700A5D391 /* Products */ = {
			isa = PBXGroup;
			children = (
				558E6D1720B5BEB700A5D391 /* DragAndDrop.app */,
			);
			name = Products;
			sourceTree = "<group>";
		};
		558E6D1920B5BEB700A5D391 /* DragAndDrop */ = {
			isa = PBXGroup;
			children = (
				558E6D1A20B5BEB700A5D391 /* AppDelegate.swift */,
				55B2480D20B613E400451FAD /* Models */,
				55B2480520B5FA7800451FAD /* Controllers */,
				55B2480420B5FA1700451FAD /* Views */,
			);
			path = DragAndDrop;
			sourceTree = "<group>";
		};
		55B2480420B5FA1700451FAD /* Views */ = {
			isa = PBXGroup;
			children = (
				558E6D1E20B5BEB700A5D391 /* Main.storyboard */,
				55B2480720B5FB1600451FAD /* TableViewDragDrop.storyboard */,
				55D5A51720B6395D006CB898 /* CollectionViewDragDrop.storyboard */,
				55D5A51D20B7177C006CB898 /* ImageCell.xib */,
			);
			path = Views;
			sourceTree = "<group>";
		};
		55B2480520B5FA7800451FAD /* Controllers */ = {
			isa = PBXGroup;
			children = (
				558E6D1C20B5BEB700A5D391 /* ViewController.swift */,
				55B2480920B5FB5F00451FAD /* TableViewDragDropController.swift */,
				55D5A52220B71948006CB898 /* CollectionDragDropViewController.swift */,
			);
			path = Controllers;
			sourceTree = "<group>";
		};
		55B2480620B5FA7F00451FAD /* Supporting Files */ = {
			isa = PBXGroup;
			children = (
				55B2480B20B6107E00451FAD /* Default-568h@2x.png */,
				558E6D2120B5BEB700A5D391 /* Assets.xcassets */,
				558E6D2320B5BEB700A5D391 /* LaunchScreen.storyboard */,
				558E6D2620B5BEB700A5D391 /* Info.plist */,
			);
			path = "Supporting Files";
			sourceTree = "<group>";
		};
		55B2480D20B613E400451FAD /* Models */ = {
			isa = PBXGroup;
			children = (
				55B2480E20B6166B00451FAD /* TableViewModel.swift */,
				55D5A51B20B7057F006CB898 /* CollectionViewModel.swift */,
			);
			path = Models;
			sourceTree = "<group>";
		};
		55D5A51F20B717B6006CB898 /* Cells */ = {
			isa = PBXGroup;
			children = (
				55D5A52020B717D4006CB898 /* ImageCell.swift */,
			);
			path = Cells;
			sourceTree = "<group>";
		};
/* End PBXGroup section */

/* Begin PBXNativeTarget section */
		558E6D1620B5BEB700A5D391 /* DragAndDrop */ = {
			isa = PBXNativeTarget;
			buildConfigurationList = 558E6D2920B5BEB700A5D391 /* Build configuration list for PBXNativeTarget "DragAndDrop" */;
			buildPhases = (
				558E6D1320B5BEB700A5D391 /* Sources */,
				558E6D1420B5BEB700A5D391 /* Frameworks */,
				558E6D1520B5BEB700A5D391 /* Resources */,
			);
			buildRules = (
			);
			dependencies = (
			);
			name = DragAndDrop;
			productName = DrapAndDrop;
			productReference = 558E6D1720B5BEB700A5D391 /* DragAndDrop.app */;
			productType = "com.apple.product-type.application";
		};
/* End PBXNativeTarget section */

/* Begin PBXProject section */
		558E6D0F20B5BEB700A5D391 /* Project object */ = {
			isa = PBXProject;
			attributes = {
				LastSwiftUpdateCheck = 0930;
				LastUpgradeCheck = 0930;
				ORGANIZATIONNAME = "High Tree Development";
				TargetAttributes = {
					558E6D1620B5BEB700A5D391 = {
						CreatedOnToolsVersion = 9.3.1;
					};
				};
			};
			buildConfigurationList = 558E6D1220B5BEB700A5D391 /* Build configuration list for PBXProject "DragAndDrop" */;
			compatibilityVersion = "Xcode 9.3";
			developmentRegion = en;
			hasScannedForEncodings = 0;
			knownRegions = (
				en,
				Base,
			);
			mainGroup = 558E6D0E20B5BEB700A5D391;
			productRefGroup = 558E6D1820B5BEB700A5D391 /* Products */;
			projectDirPath = "";
			projectRoot = "";
			targets = (
				558E6D1620B5BEB700A5D391 /* DragAndDrop */,
			);
		};
/* End PBXProject section */

/* Begin PBXResourcesBuildPhase section */
		558E6D1520B5BEB700A5D391 /* Resources */ = {
			isa = PBXResourcesBuildPhase;
			buildActionMask = 2147483647;
			files = (
				558E6D2520B5BEB700A5D391 /* LaunchScreen.storyboard in Resources */,
				55B2480820B5FB1600451FAD /* TableViewDragDrop.storyboard in Resources */,
				55D5A51E20B7177C006CB898 /* ImageCell.xib in Resources */,
				558E6D2220B5BEB700A5D391 /* Assets.xcassets in Resources */,
				55B2480C20B6107E00451FAD /* Default-568h@2x.png in Resources */,
				55D5A51820B6395D006CB898 /* CollectionViewDragDrop.storyboard in Resources */,
				558E6D2020B5BEB700A5D391 /* Main.storyboard in Resources */,
			);
			runOnlyForDeploymentPostprocessing = 0;
		};
/* End PBXResourcesBuildPhase section */

/* Begin PBXSourcesBuildPhase section */
		558E6D1320B5BEB700A5D391 /* Sources */ = {
			isa = PBXSourcesBuildPhase;
			buildActionMask = 2147483647;
			files = (
				55D5A51C20B7057F006CB898 /* CollectionViewModel.swift in Sources */,
				558E6D1D20B5BEB700A5D391 /* ViewController.swift in Sources */,
				558E6D1B20B5BEB700A5D391 /* AppDelegate.swift in Sources */,
				55B2480A20B5FB5F00451FAD /* TableViewDragDropController.swift in Sources */,
				55D5A52320B71948006CB898 /* CollectionDragDropViewController.swift in Sources */,
				55B2480F20B6166B00451FAD /* TableViewModel.swift in Sources */,
				55D5A52120B717D4006CB898 /* ImageCell.swift in Sources */,
			);
			runOnlyForDeploymentPostprocessing = 0;
		};
/* End PBXSourcesBuildPhase section */

/* Begin PBXVariantGroup section */
		558E6D1E20B5BEB700A5D391 /* Main.storyboard */ = {
			isa = PBXVariantGroup;
			children = (
				558E6D1F20B5BEB700A5D391 /* Base */,
			);
			name = Main.storyboard;
			sourceTree = "<group>";
		};
		558E6D2320B5BEB700A5D391 /* LaunchScreen.storyboard */ = {
			isa = PBXVariantGroup;
			children = (
				558E6D2420B5BEB700A5D391 /* Base */,
			);
			name = LaunchScreen.storyboard;
			sourceTree = "<group>";
		};
/* End PBXVariantGroup section */

/* Begin XCBuildConfiguration section */
		558E6D2720B5BEB700A5D391 /* Debug */ = {
			isa = XCBuildConfiguration;
			buildSettings = {
				ALWAYS_SEARCH_USER_PATHS = NO;
				CLANG_ANALYZER_NONNULL = YES;
				CLANG_ANALYZER_NUMBER_OBJECT_CONVERSION = YES_AGGRESSIVE;
				CLANG_CXX_LANGUAGE_STANDARD = "gnu++14";
				CLANG_CXX_LIBRARY = "libc++";
				CLANG_ENABLE_MODULES = YES;
				CLANG_ENABLE_OBJC_ARC = YES;
				CLANG_ENABLE_OBJC_WEAK = YES;
				CLANG_WARN_BLOCK_CAPTURE_AUTORELEASING = YES;
				CLANG_WARN_BOOL_CONVERSION = YES;
				CLANG_WARN_COMMA = YES;
				CLANG_WARN_CONSTANT_CONVERSION = YES;
				CLANG_WARN_DEPRECATED_OBJC_IMPLEMENTATIONS = YES;
				CLANG_WARN_DIRECT_OBJC_ISA_USAGE = YES_ERROR;
				CLANG_WARN_DOCUMENTATION_COMMENTS = YES;
				CLANG_WARN_EMPTY_BODY = YES;
				CLANG_WARN_ENUM_CONVERSION = YES;
				CLANG_WARN_INFINITE_RECURSION = YES;
				CLANG_WARN_INT_CONVERSION = YES;
				CLANG_WARN_NON_LITERAL_NULL_CONVERSION = YES;
				CLANG_WARN_OBJC_IMPLICIT_RETAIN_SELF = YES;
				CLANG_WARN_OBJC_LITERAL_CONVERSION = YES;
				CLANG_WARN_OBJC_ROOT_CLASS = YES_ERROR;
				CLANG_WARN_RANGE_LOOP_ANALYSIS = YES;
				CLANG_WARN_STRICT_PROTOTYPES = YES;
				CLANG_WARN_SUSPICIOUS_MOVE = YES;
				CLANG_WARN_UNGUARDED_AVAILABILITY = YES_AGGRESSIVE;
				CLANG_WARN_UNREACHABLE_CODE = YES;
				CLANG_WARN__DUPLICATE_METHOD_MATCH = YES;
				CODE_SIGN_IDENTITY = "iPhone Developer";
				COPY_PHASE_STRIP = NO;
				DEBUG_INFORMATION_FORMAT = dwarf;
				ENABLE_STRICT_OBJC_MSGSEND = YES;
				ENABLE_TESTABILITY = YES;
				GCC_C_LANGUAGE_STANDARD = gnu11;
				GCC_DYNAMIC_NO_PIC = NO;
				GCC_NO_COMMON_BLOCKS = YES;
				GCC_OPTIMIZATION_LEVEL = 0;
				GCC_PREPROCESSOR_DEFINITIONS = (
					"DEBUG=1",
					"$(inherited)",
				);
				GCC_WARN_64_TO_32_BIT_CONVERSION = YES;
				GCC_WARN_ABOUT_RETURN_TYPE = YES_ERROR;
				GCC_WARN_UNDECLARED_SELECTOR = YES;
				GCC_WARN_UNINITIALIZED_AUTOS = YES_AGGRESSIVE;
				GCC_WARN_UNUSED_FUNCTION = YES;
				GCC_WARN_UNUSED_VARIABLE = YES;
				IPHONEOS_DEPLOYMENT_TARGET = 11.3;
				MTL_ENABLE_DEBUG_INFO = YES;
				ONLY_ACTIVE_ARCH = YES;
				SDKROOT = iphoneos;
				SWIFT_ACTIVE_COMPILATION_CONDITIONS = DEBUG;
				SWIFT_OPTIMIZATION_LEVEL = "-Onone";
			};
			name = Debug;
		};
		558E6D2820B5BEB700A5D391 /* Release */ = {
			isa = XCBuildConfiguration;
			buildSettings = {
				ALWAYS_SEARCH_USER_PATHS = NO;
				CLANG_ANALYZER_NONNULL = YES;
				CLANG_ANALYZER_NUMBER_OBJECT_CONVERSION = YES_AGGRESSIVE;
				CLANG_CXX_LANGUAGE_STANDARD = "gnu++14";
				CLANG_CXX_LIBRARY = "libc++";
				CLANG_ENABLE_MODULES = YES;
				CLANG_ENABLE_OBJC_ARC = YES;
				CLANG_ENABLE_OBJC_WEAK = YES;
				CLANG_WARN_BLOCK_CAPTURE_AUTORELEASING = YES;
				CLANG_WARN_BOOL_CONVERSION = YES;
				CLANG_WARN_COMMA = YES;
				CLANG_WARN_CONSTANT_CONVERSION = YES;
				CLANG_WARN_DEPRECATED_OBJC_IMPLEMENTATIONS = YES;
				CLANG_WARN_DIRECT_OBJC_ISA_USAGE = YES_ERROR;
				CLANG_WARN_DOCUMENTATION_COMMENTS = YES;
				CLANG_WARN_EMPTY_BODY = YES;
				CLANG_WARN_ENUM_CONVERSION = YES;
				CLANG_WARN_INFINITE_RECURSION = YES;
				CLANG_WARN_INT_CONVERSION = YES;
				CLANG_WARN_NON_LITERAL_NULL_CONVERSION = YES;
				CLANG_WARN_OBJC_IMPLICIT_RETAIN_SELF = YES;
				CLANG_WARN_OBJC_LITERAL_CONVERSION = YES;
				CLANG_WARN_OBJC_ROOT_CLASS = YES_ERROR;
				CLANG_WARN_RANGE_LOOP_ANALYSIS = YES;
				CLANG_WARN_STRICT_PROTOTYPES = YES;
				CLANG_WARN_SUSPICIOUS_MOVE = YES;
				CLANG_WARN_UNGUARDED_AVAILABILITY = YES_AGGRESSIVE;
				CLANG_WARN_UNREACHABLE_CODE = YES;
				CLANG_WARN__DUPLICATE_METHOD_MATCH = YES;
				CODE_SIGN_IDENTITY = "iPhone Developer";
				COPY_PHASE_STRIP = NO;
				DEBUG_INFORMATION_FORMAT = "dwarf-with-dsym";
				ENABLE_NS_ASSERTIONS = NO;
				ENABLE_STRICT_OBJC_MSGSEND = YES;
				GCC_C_LANGUAGE_STANDARD = gnu11;
				GCC_NO_COMMON_BLOCKS = YES;
				GCC_WARN_64_TO_32_BIT_CONVERSION = YES;
				GCC_WARN_ABOUT_RETURN_TYPE = YES_ERROR;
				GCC_WARN_UNDECLARED_SELECTOR = YES;
				GCC_WARN_UNINITIALIZED_AUTOS = YES_AGGRESSIVE;
				GCC_WARN_UNUSED_FUNCTION = YES;
				GCC_WARN_UNUSED_VARIABLE = YES;
				IPHONEOS_DEPLOYMENT_TARGET = 11.3;
				MTL_ENABLE_DEBUG_INFO = NO;
				SDKROOT = iphoneos;
				SWIFT_COMPILATION_MODE = wholemodule;
				SWIFT_OPTIMIZATION_LEVEL = "-O";
				VALIDATE_PRODUCT = YES;
			};
			name = Release;
		};
		558E6D2A20B5BEB700A5D391 /* Debug */ = {
			isa = XCBuildConfiguration;
			buildSettings = {
				ASSETCATALOG_COMPILER_APPICON_NAME = AppIcon;
				CODE_SIGN_STYLE = Automatic;
				DEVELOPMENT_TEAM = D3D7B5BPEZ;
				INFOPLIST_FILE = "$(SRCROOT)/Supporting Files/Info.plist";
				LD_RUNPATH_SEARCH_PATHS = (
					"$(inherited)",
					"@executable_path/Frameworks",
				);
				PRODUCT_BUNDLE_IDENTIFIER = com.HighTreeDevelopment.DragAndDrop;
				PRODUCT_NAME = "$(TARGET_NAME)";
				SWIFT_VERSION = 4.0;
				TARGETED_DEVICE_FAMILY = "1,2";
			};
			name = Debug;
		};
		558E6D2B20B5BEB700A5D391 /* Release */ = {
			isa = XCBuildConfiguration;
			buildSettings = {
				ASSETCATALOG_COMPILER_APPICON_NAME = AppIcon;
				CODE_SIGN_STYLE = Automatic;
				DEVELOPMENT_TEAM = D3D7B5BPEZ;
				INFOPLIST_FILE = "$(SRCROOT)/Supporting Files/Info.plist";
				LD_RUNPATH_SEARCH_PATHS = (
					"$(inherited)",
					"@executable_path/Frameworks",
				);
				PRODUCT_BUNDLE_IDENTIFIER = com.HighTreeDevelopment.DragAndDrop;
				PRODUCT_NAME = "$(TARGET_NAME)";
				SWIFT_VERSION = 4.0;
				TARGETED_DEVICE_FAMILY = "1,2";
			};
			name = Release;
		};
/* End XCBuildConfiguration section */

/* Begin XCConfigurationList section */
		558E6D1220B5BEB700A5D391 /* Build configuration list for PBXProject "DragAndDrop" */ = {
			isa = XCConfigurationList;
			buildConfigurations = (
				558E6D2720B5BEB700A5D391 /* Debug */,
				558E6D2820B5BEB700A5D391 /* Release */,
			);
			defaultConfigurationIsVisible = 0;
			defaultConfigurationName = Release;
		};
		558E6D2920B5BEB700A5D391 /* Build configuration list for PBXNativeTarget "DragAndDrop" */ = {
			isa = XCConfigurationList;
			buildConfigurations = (
				558E6D2A20B5BEB700A5D391 /* Debug */,
				558E6D2B20B5BEB700A5D391 /* Release */,
			);
			defaultConfigurationIsVisible = 0;
			defaultConfigurationName = Release;
		};
/* End XCConfigurationList section */
	};
	rootObject = 558E6D0F20B5BEB700A5D391 /* Project object */;
}
